// !$*UTF8*$!
{
	archiveVersion = 1;
	classes = {
	};
	objectVersion = 51;
	objects = {

/* Begin PBXBuildFile section */
		41C535295EA9A2EB4D268F54 /* Pods_Brochure_BrochureUITests.framework in Frameworks */ = {isa = PBXBuildFile; fileRef = 4A78EF2A02F148A375D5BE28 /* Pods_Brochure_BrochureUITests.framework */; };
		69E79F4EB93B732EC03908AC /* Pods_BrochureTests.framework in Frameworks */ = {isa = PBXBuildFile; fileRef = 8338C576DA8566D6EA3C5C78 /* Pods_BrochureTests.framework */; };
		BD4C51D72528C55200AE8B09 /* RealmClass.swift in Sources */ = {isa = PBXBuildFile; fileRef = BD4C51D62528C55200AE8B09 /* RealmClass.swift */; };
		BD4EE4B02531BF2000CC31BD /* AddFirstTableViewCell.swift in Sources */ = {isa = PBXBuildFile; fileRef = BD4EE4AE2531BF2000CC31BD /* AddFirstTableViewCell.swift */; };
		BD4EE4B12531BF2000CC31BD /* AddFirstTableViewCell.xib in Resources */ = {isa = PBXBuildFile; fileRef = BD4EE4AF2531BF2000CC31BD /* AddFirstTableViewCell.xib */; };
		BD4EE4BB2531C2F800CC31BD /* AddSecondTableViewCell.swift in Sources */ = {isa = PBXBuildFile; fileRef = BD4EE4B92531C2F800CC31BD /* AddSecondTableViewCell.swift */; };
		BD4EE4BC2531C2F800CC31BD /* AddSecondTableViewCell.xib in Resources */ = {isa = PBXBuildFile; fileRef = BD4EE4BA2531C2F800CC31BD /* AddSecondTableViewCell.xib */; };
		BD4EE4C22531C62400CC31BD /* AddThirdTableViewCell.swift in Sources */ = {isa = PBXBuildFile; fileRef = BD4EE4C02531C62400CC31BD /* AddThirdTableViewCell.swift */; };
		BD4EE4C32531C62400CC31BD /* AddThirdTableViewCell.xib in Resources */ = {isa = PBXBuildFile; fileRef = BD4EE4C12531C62400CC31BD /* AddThirdTableViewCell.xib */; };
		BD53BCF82539E433008058AE /* CoverViewController.swift in Sources */ = {isa = PBXBuildFile; fileRef = BD53BCF72539E433008058AE /* CoverViewController.swift */; };
		BD53BD2A2539FFFF008058AE /* Harenosora.otf in Resources */ = {isa = PBXBuildFile; fileRef = BD53BD292539FFFF008058AE /* Harenosora.otf */; };
		BD53BD2F253A0057008058AE /* Assets.xcassets in Resources */ = {isa = PBXBuildFile; fileRef = BD53BD2E253A0056008058AE /* Assets.xcassets */; };
		BD53BD33253A0061008058AE /* Assets.xcassets in Resources */ = {isa = PBXBuildFile; fileRef = BD53BD2E253A0056008058AE /* Assets.xcassets */; };
		BD53BD37253A0061008058AE /* Assets.xcassets in Resources */ = {isa = PBXBuildFile; fileRef = BD53BD2E253A0056008058AE /* Assets.xcassets */; };
		BD625A3525358B8E0004C2A4 /* DetailFirstTableViewCell.swift in Sources */ = {isa = PBXBuildFile; fileRef = BD625A3325358B8E0004C2A4 /* DetailFirstTableViewCell.swift */; };
		BD625A3625358B8E0004C2A4 /* DetailFirstTableViewCell.xib in Resources */ = {isa = PBXBuildFile; fileRef = BD625A3425358B8E0004C2A4 /* DetailFirstTableViewCell.xib */; };
		BD625A3C25358E310004C2A4 /* DetailSecondTableViewCell.swift in Sources */ = {isa = PBXBuildFile; fileRef = BD625A3A25358E310004C2A4 /* DetailSecondTableViewCell.swift */; };
		BD625A3D25358E310004C2A4 /* DetailSecondTableViewCell.xib in Resources */ = {isa = PBXBuildFile; fileRef = BD625A3B25358E310004C2A4 /* DetailSecondTableViewCell.xib */; };
		BD625A43253591A20004C2A4 /* DetailThirdTableViewCell.swift in Sources */ = {isa = PBXBuildFile; fileRef = BD625A41253591A20004C2A4 /* DetailThirdTableViewCell.swift */; };
		BD625A44253591A20004C2A4 /* DetailThirdTableViewCell.xib in Resources */ = {isa = PBXBuildFile; fileRef = BD625A42253591A20004C2A4 /* DetailThirdTableViewCell.xib */; };
		BD625A4925359DF60004C2A4 /* ZoomViewController.swift in Sources */ = {isa = PBXBuildFile; fileRef = BD625A4825359DF60004C2A4 /* ZoomViewController.swift */; };
		BD9CA8F525259DDE003ADA75 /* AppDelegate.swift in Sources */ = {isa = PBXBuildFile; fileRef = BD9CA8F425259DDE003ADA75 /* AppDelegate.swift */; };
		BD9CA8F725259DDE003ADA75 /* SceneDelegate.swift in Sources */ = {isa = PBXBuildFile; fileRef = BD9CA8F625259DDE003ADA75 /* SceneDelegate.swift */; };
		BD9CA8F925259DDE003ADA75 /* ViewController.swift in Sources */ = {isa = PBXBuildFile; fileRef = BD9CA8F825259DDE003ADA75 /* ViewController.swift */; };
		BD9CA8FC25259DDE003ADA75 /* Main.storyboard in Resources */ = {isa = PBXBuildFile; fileRef = BD9CA8FA25259DDE003ADA75 /* Main.storyboard */; };
		BD9CA90125259DDF003ADA75 /* LaunchScreen.storyboard in Resources */ = {isa = PBXBuildFile; fileRef = BD9CA8FF25259DDF003ADA75 /* LaunchScreen.storyboard */; };
		BD9CA90C25259DDF003ADA75 /* BrochureTests.swift in Sources */ = {isa = PBXBuildFile; fileRef = BD9CA90B25259DDF003ADA75 /* BrochureTests.swift */; };
		BD9CA91725259DDF003ADA75 /* BrochureUITests.swift in Sources */ = {isa = PBXBuildFile; fileRef = BD9CA91625259DDF003ADA75 /* BrochureUITests.swift */; };
		BD9CA9282525A0FB003ADA75 /* DetailViewController.swift in Sources */ = {isa = PBXBuildFile; fileRef = BD9CA9272525A0FB003ADA75 /* DetailViewController.swift */; };
		BD9CA92D2525A11B003ADA75 /* EditViewController.swift in Sources */ = {isa = PBXBuildFile; fileRef = BD9CA92C2525A11B003ADA75 /* EditViewController.swift */; };
		BD9CA9322525A130003ADA75 /* AddViewController.swift in Sources */ = {isa = PBXBuildFile; fileRef = BD9CA9312525A130003ADA75 /* AddViewController.swift */; };
		E1024CFEBEC4395D805AD56A /* Pods_Brochure.framework in Frameworks */ = {isa = PBXBuildFile; fileRef = 9A8073B9879C9CA4D508FEBB /* Pods_Brochure.framework */; };
/* End PBXBuildFile section */

/* Begin PBXContainerItemProxy section */
		BD9CA90825259DDF003ADA75 /* PBXContainerItemProxy */ = {
			isa = PBXContainerItemProxy;
			containerPortal = BD9CA8E925259DDE003ADA75 /* Project object */;
			proxyType = 1;
			remoteGlobalIDString = BD9CA8F025259DDE003ADA75;
			remoteInfo = Brochure;
		};
		BD9CA91325259DDF003ADA75 /* PBXContainerItemProxy */ = {
			isa = PBXContainerItemProxy;
			containerPortal = BD9CA8E925259DDE003ADA75 /* Project object */;
			proxyType = 1;
			remoteGlobalIDString = BD9CA8F025259DDE003ADA75;
			remoteInfo = Brochure;
		};
/* End PBXContainerItemProxy section */

/* Begin PBXFileReference section */
		22A867AA2B81EB126CFE33F2 /* Pods-Brochure-BrochureUITests.release.xcconfig */ = {isa = PBXFileReference; includeInIndex = 1; lastKnownFileType = text.xcconfig; name = "Pods-Brochure-BrochureUITests.release.xcconfig"; path = "Target Support Files/Pods-Brochure-BrochureUITests/Pods-Brochure-BrochureUITests.release.xcconfig"; sourceTree = "<group>"; };
		36CE635B2AB3395018F06659 /* Pods-Brochure.release.xcconfig */ = {isa = PBXFileReference; includeInIndex = 1; lastKnownFileType = text.xcconfig; name = "Pods-Brochure.release.xcconfig"; path = "Target Support Files/Pods-Brochure/Pods-Brochure.release.xcconfig"; sourceTree = "<group>"; };
		4A78EF2A02F148A375D5BE28 /* Pods_Brochure_BrochureUITests.framework */ = {isa = PBXFileReference; explicitFileType = wrapper.framework; includeInIndex = 0; path = Pods_Brochure_BrochureUITests.framework; sourceTree = BUILT_PRODUCTS_DIR; };
		8338C576DA8566D6EA3C5C78 /* Pods_BrochureTests.framework */ = {isa = PBXFileReference; explicitFileType = wrapper.framework; includeInIndex = 0; path = Pods_BrochureTests.framework; sourceTree = BUILT_PRODUCTS_DIR; };
		84BEB691AC3DAB270753F6EB /* Pods-Brochure-BrochureUITests.debug.xcconfig */ = {isa = PBXFileReference; includeInIndex = 1; lastKnownFileType = text.xcconfig; name = "Pods-Brochure-BrochureUITests.debug.xcconfig"; path = "Target Support Files/Pods-Brochure-BrochureUITests/Pods-Brochure-BrochureUITests.debug.xcconfig"; sourceTree = "<group>"; };
		9A8073B9879C9CA4D508FEBB /* Pods_Brochure.framework */ = {isa = PBXFileReference; explicitFileType = wrapper.framework; includeInIndex = 0; path = Pods_Brochure.framework; sourceTree = BUILT_PRODUCTS_DIR; };
		AA45E3F8D78F60578A306C71 /* Pods-BrochureTests.debug.xcconfig */ = {isa = PBXFileReference; includeInIndex = 1; lastKnownFileType = text.xcconfig; name = "Pods-BrochureTests.debug.xcconfig"; path = "Target Support Files/Pods-BrochureTests/Pods-BrochureTests.debug.xcconfig"; sourceTree = "<group>"; };
		AE64BC3EBBCDBA7470E021BF /* Pods-Brochure.debug.xcconfig */ = {isa = PBXFileReference; includeInIndex = 1; lastKnownFileType = text.xcconfig; name = "Pods-Brochure.debug.xcconfig"; path = "Target Support Files/Pods-Brochure/Pods-Brochure.debug.xcconfig"; sourceTree = "<group>"; };
		BD4C51D62528C55200AE8B09 /* RealmClass.swift */ = {isa = PBXFileReference; lastKnownFileType = sourcecode.swift; path = RealmClass.swift; sourceTree = "<group>"; };
		BD4EE4AE2531BF2000CC31BD /* AddFirstTableViewCell.swift */ = {isa = PBXFileReference; lastKnownFileType = sourcecode.swift; path = AddFirstTableViewCell.swift; sourceTree = "<group>"; };
		BD4EE4AF2531BF2000CC31BD /* AddFirstTableViewCell.xib */ = {isa = PBXFileReference; lastKnownFileType = file.xib; path = AddFirstTableViewCell.xib; sourceTree = "<group>"; };
		BD4EE4B92531C2F800CC31BD /* AddSecondTableViewCell.swift */ = {isa = PBXFileReference; lastKnownFileType = sourcecode.swift; path = AddSecondTableViewCell.swift; sourceTree = "<group>"; };
		BD4EE4BA2531C2F800CC31BD /* AddSecondTableViewCell.xib */ = {isa = PBXFileReference; lastKnownFileType = file.xib; path = AddSecondTableViewCell.xib; sourceTree = "<group>"; };
		BD4EE4C02531C62400CC31BD /* AddThirdTableViewCell.swift */ = {isa = PBXFileReference; lastKnownFileType = sourcecode.swift; path = AddThirdTableViewCell.swift; sourceTree = "<group>"; };
		BD4EE4C12531C62400CC31BD /* AddThirdTableViewCell.xib */ = {isa = PBXFileReference; lastKnownFileType = file.xib; path = AddThirdTableViewCell.xib; sourceTree = "<group>"; };
		BD53BCF72539E433008058AE /* CoverViewController.swift */ = {isa = PBXFileReference; lastKnownFileType = sourcecode.swift; path = CoverViewController.swift; sourceTree = "<group>"; };
		BD53BD292539FFFF008058AE /* Harenosora.otf */ = {isa = PBXFileReference; lastKnownFileType = file; path = Harenosora.otf; sourceTree = "<group>"; };
		BD53BD2E253A0056008058AE /* Assets.xcassets */ = {isa = PBXFileReference; lastKnownFileType = folder.assetcatalog; path = Assets.xcassets; sourceTree = "<group>"; };
		BD625A3325358B8E0004C2A4 /* DetailFirstTableViewCell.swift */ = {isa = PBXFileReference; lastKnownFileType = sourcecode.swift; path = DetailFirstTableViewCell.swift; sourceTree = "<group>"; };
		BD625A3425358B8E0004C2A4 /* DetailFirstTableViewCell.xib */ = {isa = PBXFileReference; lastKnownFileType = file.xib; path = DetailFirstTableViewCell.xib; sourceTree = "<group>"; };
		BD625A3A25358E310004C2A4 /* DetailSecondTableViewCell.swift */ = {isa = PBXFileReference; lastKnownFileType = sourcecode.swift; path = DetailSecondTableViewCell.swift; sourceTree = "<group>"; };
		BD625A3B25358E310004C2A4 /* DetailSecondTableViewCell.xib */ = {isa = PBXFileReference; lastKnownFileType = file.xib; path = DetailSecondTableViewCell.xib; sourceTree = "<group>"; };
		BD625A41253591A20004C2A4 /* DetailThirdTableViewCell.swift */ = {isa = PBXFileReference; lastKnownFileType = sourcecode.swift; path = DetailThirdTableViewCell.swift; sourceTree = "<group>"; };
		BD625A42253591A20004C2A4 /* DetailThirdTableViewCell.xib */ = {isa = PBXFileReference; lastKnownFileType = file.xib; path = DetailThirdTableViewCell.xib; sourceTree = "<group>"; };
		BD625A4825359DF60004C2A4 /* ZoomViewController.swift */ = {isa = PBXFileReference; lastKnownFileType = sourcecode.swift; path = ZoomViewController.swift; sourceTree = "<group>"; };
		BD9CA8F125259DDE003ADA75 /* Brochure.app */ = {isa = PBXFileReference; explicitFileType = wrapper.application; includeInIndex = 0; path = Brochure.app; sourceTree = BUILT_PRODUCTS_DIR; };
		BD9CA8F425259DDE003ADA75 /* AppDelegate.swift */ = {isa = PBXFileReference; lastKnownFileType = sourcecode.swift; path = AppDelegate.swift; sourceTree = "<group>"; };
		BD9CA8F625259DDE003ADA75 /* SceneDelegate.swift */ = {isa = PBXFileReference; lastKnownFileType = sourcecode.swift; path = SceneDelegate.swift; sourceTree = "<group>"; };
		BD9CA8F825259DDE003ADA75 /* ViewController.swift */ = {isa = PBXFileReference; lastKnownFileType = sourcecode.swift; path = ViewController.swift; sourceTree = "<group>"; };
		BD9CA8FB25259DDE003ADA75 /* Base */ = {isa = PBXFileReference; lastKnownFileType = file.storyboard; name = Base; path = Base.lproj/Main.storyboard; sourceTree = "<group>"; };
		BD9CA90025259DDF003ADA75 /* Base */ = {isa = PBXFileReference; lastKnownFileType = file.storyboard; name = Base; path = Base.lproj/LaunchScreen.storyboard; sourceTree = "<group>"; };
		BD9CA90225259DDF003ADA75 /* Info.plist */ = {isa = PBXFileReference; lastKnownFileType = text.plist.xml; path = Info.plist; sourceTree = "<group>"; };
		BD9CA90725259DDF003ADA75 /* BrochureTests.xctest */ = {isa = PBXFileReference; explicitFileType = wrapper.cfbundle; includeInIndex = 0; path = BrochureTests.xctest; sourceTree = BUILT_PRODUCTS_DIR; };
		BD9CA90B25259DDF003ADA75 /* BrochureTests.swift */ = {isa = PBXFileReference; lastKnownFileType = sourcecode.swift; path = BrochureTests.swift; sourceTree = "<group>"; };
		BD9CA90D25259DDF003ADA75 /* Info.plist */ = {isa = PBXFileReference; lastKnownFileType = text.plist.xml; path = Info.plist; sourceTree = "<group>"; };
		BD9CA91225259DDF003ADA75 /* BrochureUITests.xctest */ = {isa = PBXFileReference; explicitFileType = wrapper.cfbundle; includeInIndex = 0; path = BrochureUITests.xctest; sourceTree = BUILT_PRODUCTS_DIR; };
		BD9CA91625259DDF003ADA75 /* BrochureUITests.swift */ = {isa = PBXFileReference; lastKnownFileType = sourcecode.swift; path = BrochureUITests.swift; sourceTree = "<group>"; };
		BD9CA91825259DDF003ADA75 /* Info.plist */ = {isa = PBXFileReference; lastKnownFileType = text.plist.xml; path = Info.plist; sourceTree = "<group>"; };
		BD9CA9272525A0FB003ADA75 /* DetailViewController.swift */ = {isa = PBXFileReference; lastKnownFileType = sourcecode.swift; path = DetailViewController.swift; sourceTree = "<group>"; };
		BD9CA92C2525A11B003ADA75 /* EditViewController.swift */ = {isa = PBXFileReference; lastKnownFileType = sourcecode.swift; path = EditViewController.swift; sourceTree = "<group>"; };
		BD9CA9312525A130003ADA75 /* AddViewController.swift */ = {isa = PBXFileReference; lastKnownFileType = sourcecode.swift; path = AddViewController.swift; sourceTree = "<group>"; };
		C11E7A65DEE712986065FA63 /* Pods-BrochureTests.release.xcconfig */ = {isa = PBXFileReference; includeInIndex = 1; lastKnownFileType = text.xcconfig; name = "Pods-BrochureTests.release.xcconfig"; path = "Target Support Files/Pods-BrochureTests/Pods-BrochureTests.release.xcconfig"; sourceTree = "<group>"; };
/* End PBXFileReference section */

/* Begin PBXFrameworksBuildPhase section */
		BD9CA8EE25259DDE003ADA75 /* Frameworks */ = {
			isa = PBXFrameworksBuildPhase;
			buildActionMask = 2147483647;
			files = (
				E1024CFEBEC4395D805AD56A /* Pods_Brochure.framework in Frameworks */,
			);
			runOnlyForDeploymentPostprocessing = 0;
		};
		BD9CA90425259DDF003ADA75 /* Frameworks */ = {
			isa = PBXFrameworksBuildPhase;
			buildActionMask = 2147483647;
			files = (
				69E79F4EB93B732EC03908AC /* Pods_BrochureTests.framework in Frameworks */,
			);
			runOnlyForDeploymentPostprocessing = 0;
		};
		BD9CA90F25259DDF003ADA75 /* Frameworks */ = {
			isa = PBXFrameworksBuildPhase;
			buildActionMask = 2147483647;
			files = (
				41C535295EA9A2EB4D268F54 /* Pods_Brochure_BrochureUITests.framework in Frameworks */,
			);
			runOnlyForDeploymentPostprocessing = 0;
		};
/* End PBXFrameworksBuildPhase section */

/* Begin PBXGroup section */
		BD4EE4B52531BF2D00CC31BD /* AddCustomTableViewCell */ = {
			isa = PBXGroup;
			children = (
				BD4EE4AE2531BF2000CC31BD /* AddFirstTableViewCell.swift */,
				BD4EE4AF2531BF2000CC31BD /* AddFirstTableViewCell.xib */,
				BD4EE4B92531C2F800CC31BD /* AddSecondTableViewCell.swift */,
				BD4EE4BA2531C2F800CC31BD /* AddSecondTableViewCell.xib */,
				BD4EE4C02531C62400CC31BD /* AddThirdTableViewCell.swift */,
				BD4EE4C12531C62400CC31BD /* AddThirdTableViewCell.xib */,
			);
			path = AddCustomTableViewCell;
			sourceTree = "<group>";
		};
		BD53BD092539FCAA008058AE /* Fonts */ = {
			isa = PBXGroup;
			children = (
				BD53BD292539FFFF008058AE /* Harenosora.otf */,
			);
			path = Fonts;
			sourceTree = "<group>";
		};
		BD625A22253589F20004C2A4 /* DetailCustomTableViewCell */ = {
			isa = PBXGroup;
			children = (
				BD625A3325358B8E0004C2A4 /* DetailFirstTableViewCell.swift */,
				BD625A3425358B8E0004C2A4 /* DetailFirstTableViewCell.xib */,
				BD625A3A25358E310004C2A4 /* DetailSecondTableViewCell.swift */,
				BD625A3B25358E310004C2A4 /* DetailSecondTableViewCell.xib */,
				BD625A41253591A20004C2A4 /* DetailThirdTableViewCell.swift */,
				BD625A42253591A20004C2A4 /* DetailThirdTableViewCell.xib */,
			);
			path = DetailCustomTableViewCell;
			sourceTree = "<group>";
		};
		BD9CA8E825259DDE003ADA75 = {
			isa = PBXGroup;
			children = (
				BD9CA8F325259DDE003ADA75 /* Brochure */,
				BD9CA90A25259DDF003ADA75 /* BrochureTests */,
				BD9CA91525259DDF003ADA75 /* BrochureUITests */,
				BD9CA8F225259DDE003ADA75 /* Products */,
				C5FA2AC788A00FE5808ADA0C /* Pods */,
				CF4199BA8E8CF9D2FA057275 /* Frameworks */,
			);
			sourceTree = "<group>";
		};
		BD9CA8F225259DDE003ADA75 /* Products */ = {
			isa = PBXGroup;
			children = (
				BD9CA8F125259DDE003ADA75 /* Brochure.app */,
				BD9CA90725259DDF003ADA75 /* BrochureTests.xctest */,
				BD9CA91225259DDF003ADA75 /* BrochureUITests.xctest */,
			);
			name = Products;
			sourceTree = "<group>";
		};
		BD9CA8F325259DDE003ADA75 /* Brochure */ = {
			isa = PBXGroup;
			children = (
				BD53BD092539FCAA008058AE /* Fonts */,
				BD625A22253589F20004C2A4 /* DetailCustomTableViewCell */,
				BD4EE4B52531BF2D00CC31BD /* AddCustomTableViewCell */,
				BD9CA8F425259DDE003ADA75 /* AppDelegate.swift */,
				BD9CA8F625259DDE003ADA75 /* SceneDelegate.swift */,
				BD4C51D62528C55200AE8B09 /* RealmClass.swift */,
				BD53BD2E253A0056008058AE /* Assets.xcassets */,
				BD9CA8F825259DDE003ADA75 /* ViewController.swift */,
				BD9CA9272525A0FB003ADA75 /* DetailViewController.swift */,
				BD9CA92C2525A11B003ADA75 /* EditViewController.swift */,
				BD9CA9312525A130003ADA75 /* AddViewController.swift */,
				BD9CA8FA25259DDE003ADA75 /* Main.storyboard */,
				BD9CA8FF25259DDF003ADA75 /* LaunchScreen.storyboard */,
				BD9CA90225259DDF003ADA75 /* Info.plist */,
				BD625A4825359DF60004C2A4 /* ZoomViewController.swift */,
				BD53BCF72539E433008058AE /* CoverViewController.swift */,
			);
			path = Brochure;
			sourceTree = "<group>";
		};
		BD9CA90A25259DDF003ADA75 /* BrochureTests */ = {
			isa = PBXGroup;
			children = (
				BD9CA90B25259DDF003ADA75 /* BrochureTests.swift */,
				BD9CA90D25259DDF003ADA75 /* Info.plist */,
			);
			path = BrochureTests;
			sourceTree = "<group>";
		};
		BD9CA91525259DDF003ADA75 /* BrochureUITests */ = {
			isa = PBXGroup;
			children = (
				BD9CA91625259DDF003ADA75 /* BrochureUITests.swift */,
				BD9CA91825259DDF003ADA75 /* Info.plist */,
			);
			path = BrochureUITests;
			sourceTree = "<group>";
		};
		C5FA2AC788A00FE5808ADA0C /* Pods */ = {
			isa = PBXGroup;
			children = (
				AE64BC3EBBCDBA7470E021BF /* Pods-Brochure.debug.xcconfig */,
				36CE635B2AB3395018F06659 /* Pods-Brochure.release.xcconfig */,
				84BEB691AC3DAB270753F6EB /* Pods-Brochure-BrochureUITests.debug.xcconfig */,
				22A867AA2B81EB126CFE33F2 /* Pods-Brochure-BrochureUITests.release.xcconfig */,
				AA45E3F8D78F60578A306C71 /* Pods-BrochureTests.debug.xcconfig */,
				C11E7A65DEE712986065FA63 /* Pods-BrochureTests.release.xcconfig */,
			);
			path = Pods;
			sourceTree = "<group>";
		};
		CF4199BA8E8CF9D2FA057275 /* Frameworks */ = {
			isa = PBXGroup;
			children = (
				9A8073B9879C9CA4D508FEBB /* Pods_Brochure.framework */,
				4A78EF2A02F148A375D5BE28 /* Pods_Brochure_BrochureUITests.framework */,
				8338C576DA8566D6EA3C5C78 /* Pods_BrochureTests.framework */,
			);
			name = Frameworks;
			sourceTree = "<group>";
		};
/* End PBXGroup section */

/* Begin PBXNativeTarget section */
		BD9CA8F025259DDE003ADA75 /* Brochure */ = {
			isa = PBXNativeTarget;
			buildConfigurationList = BD9CA91B25259DDF003ADA75 /* Build configuration list for PBXNativeTarget "Brochure" */;
			buildPhases = (
				DE3235237331301BDCB5EAF2 /* [CP] Check Pods Manifest.lock */,
				BD9CA8ED25259DDE003ADA75 /* Sources */,
				BD9CA8EE25259DDE003ADA75 /* Frameworks */,
				BD9CA8EF25259DDE003ADA75 /* Resources */,
				CF242252E3EA39212E151C3F /* [CP] Embed Pods Frameworks */,
			);
			buildRules = (
			);
			dependencies = (
			);
			name = Brochure;
			productName = Brochure;
			productReference = BD9CA8F125259DDE003ADA75 /* Brochure.app */;
			productType = "com.apple.product-type.application";
		};
		BD9CA90625259DDF003ADA75 /* BrochureTests */ = {
			isa = PBXNativeTarget;
			buildConfigurationList = BD9CA91E25259DDF003ADA75 /* Build configuration list for PBXNativeTarget "BrochureTests" */;
			buildPhases = (
				0DC408F06BD84A9193368213 /* [CP] Check Pods Manifest.lock */,
				BD9CA90325259DDF003ADA75 /* Sources */,
				BD9CA90425259DDF003ADA75 /* Frameworks */,
				BD9CA90525259DDF003ADA75 /* Resources */,
			);
			buildRules = (
			);
			dependencies = (
				BD9CA90925259DDF003ADA75 /* PBXTargetDependency */,
			);
			name = BrochureTests;
			productName = BrochureTests;
			productReference = BD9CA90725259DDF003ADA75 /* BrochureTests.xctest */;
			productType = "com.apple.product-type.bundle.unit-test";
		};
		BD9CA91125259DDF003ADA75 /* BrochureUITests */ = {
			isa = PBXNativeTarget;
			buildConfigurationList = BD9CA92125259DDF003ADA75 /* Build configuration list for PBXNativeTarget "BrochureUITests" */;
			buildPhases = (
				EA37B0875DED635A9C8508B7 /* [CP] Check Pods Manifest.lock */,
				BD9CA90E25259DDF003ADA75 /* Sources */,
				BD9CA90F25259DDF003ADA75 /* Frameworks */,
				BD9CA91025259DDF003ADA75 /* Resources */,
				9C454E43ADA2C45406840542 /* [CP] Embed Pods Frameworks */,
			);
			buildRules = (
			);
			dependencies = (
				BD9CA91425259DDF003ADA75 /* PBXTargetDependency */,
			);
			name = BrochureUITests;
			productName = BrochureUITests;
			productReference = BD9CA91225259DDF003ADA75 /* BrochureUITests.xctest */;
			productType = "com.apple.product-type.bundle.ui-testing";
		};
/* End PBXNativeTarget section */

/* Begin PBXProject section */
		BD9CA8E925259DDE003ADA75 /* Project object */ = {
			isa = PBXProject;
			attributes = {
				LastSwiftUpdateCheck = 1200;
				LastUpgradeCheck = 1200;
				TargetAttributes = {
					BD9CA8F025259DDE003ADA75 = {
						CreatedOnToolsVersion = 12.0.1;
					};
					BD9CA90625259DDF003ADA75 = {
						CreatedOnToolsVersion = 12.0.1;
						TestTargetID = BD9CA8F025259DDE003ADA75;
					};
					BD9CA91125259DDF003ADA75 = {
						CreatedOnToolsVersion = 12.0.1;
						TestTargetID = BD9CA8F025259DDE003ADA75;
					};
				};
			};
			buildConfigurationList = BD9CA8EC25259DDE003ADA75 /* Build configuration list for PBXProject "Brochure" */;
			compatibilityVersion = "Xcode 9.3";
			developmentRegion = en;
			hasScannedForEncodings = 0;
			knownRegions = (
				en,
				Base,
			);
			mainGroup = BD9CA8E825259DDE003ADA75;
			productRefGroup = BD9CA8F225259DDE003ADA75 /* Products */;
			projectDirPath = "";
			projectRoot = "";
			targets = (
				BD9CA8F025259DDE003ADA75 /* Brochure */,
				BD9CA90625259DDF003ADA75 /* BrochureTests */,
				BD9CA91125259DDF003ADA75 /* BrochureUITests */,
			);
		};
/* End PBXProject section */

/* Begin PBXResourcesBuildPhase section */
		BD9CA8EF25259DDE003ADA75 /* Resources */ = {
			isa = PBXResourcesBuildPhase;
			buildActionMask = 2147483647;
			files = (
				BD625A3D25358E310004C2A4 /* DetailSecondTableViewCell.xib in Resources */,
				BD9CA90125259DDF003ADA75 /* LaunchScreen.storyboard in Resources */,
				BD4EE4BC2531C2F800CC31BD /* AddSecondTableViewCell.xib in Resources */,
				BD625A44253591A20004C2A4 /* DetailThirdTableViewCell.xib in Resources */,
				BD53BD2F253A0057008058AE /* Assets.xcassets in Resources */,
				BD625A3625358B8E0004C2A4 /* DetailFirstTableViewCell.xib in Resources */,
				BD4EE4B12531BF2000CC31BD /* AddFirstTableViewCell.xib in Resources */,
				BD9CA8FC25259DDE003ADA75 /* Main.storyboard in Resources */,
				BD4EE4C32531C62400CC31BD /* AddThirdTableViewCell.xib in Resources */,
				BD53BD2A2539FFFF008058AE /* Harenosora.otf in Resources */,
			);
			runOnlyForDeploymentPostprocessing = 0;
		};
		BD9CA90525259DDF003ADA75 /* Resources */ = {
			isa = PBXResourcesBuildPhase;
			buildActionMask = 2147483647;
			files = (
				BD53BD33253A0061008058AE /* Assets.xcassets in Resources */,
			);
			runOnlyForDeploymentPostprocessing = 0;
		};
		BD9CA91025259DDF003ADA75 /* Resources */ = {
			isa = PBXResourcesBuildPhase;
			buildActionMask = 2147483647;
			files = (
				BD53BD37253A0061008058AE /* Assets.xcassets in Resources */,
			);
			runOnlyForDeploymentPostprocessing = 0;
		};
/* End PBXResourcesBuildPhase section */

/* Begin PBXShellScriptBuildPhase section */
		0DC408F06BD84A9193368213 /* [CP] Check Pods Manifest.lock */ = {
			isa = PBXShellScriptBuildPhase;
			buildActionMask = 2147483647;
			files = (
			);
			inputFileListPaths = (
			);
			inputPaths = (
				"${PODS_PODFILE_DIR_PATH}/Podfile.lock",
				"${PODS_ROOT}/Manifest.lock",
			);
			name = "[CP] Check Pods Manifest.lock";
			outputFileListPaths = (
			);
			outputPaths = (
				"$(DERIVED_FILE_DIR)/Pods-BrochureTests-checkManifestLockResult.txt",
			);
			runOnlyForDeploymentPostprocessing = 0;
			shellPath = /bin/sh;
			shellScript = "diff \"${PODS_PODFILE_DIR_PATH}/Podfile.lock\" \"${PODS_ROOT}/Manifest.lock\" > /dev/null\nif [ $? != 0 ] ; then\n    # print error to STDERR\n    echo \"error: The sandbox is not in sync with the Podfile.lock. Run 'pod install' or update your CocoaPods installation.\" >&2\n    exit 1\nfi\n# This output is used by Xcode 'outputs' to avoid re-running this script phase.\necho \"SUCCESS\" > \"${SCRIPT_OUTPUT_FILE_0}\"\n";
			showEnvVarsInLog = 0;
		};
		9C454E43ADA2C45406840542 /* [CP] Embed Pods Frameworks */ = {
			isa = PBXShellScriptBuildPhase;
			buildActionMask = 2147483647;
			files = (
			);
			inputFileListPaths = (
				"${PODS_ROOT}/Target Support Files/Pods-Brochure-BrochureUITests/Pods-Brochure-BrochureUITests-frameworks-${CONFIGURATION}-input-files.xcfilelist",
			);
			name = "[CP] Embed Pods Frameworks";
			outputFileListPaths = (
				"${PODS_ROOT}/Target Support Files/Pods-Brochure-BrochureUITests/Pods-Brochure-BrochureUITests-frameworks-${CONFIGURATION}-output-files.xcfilelist",
			);
			runOnlyForDeploymentPostprocessing = 0;
			shellPath = /bin/sh;
			shellScript = "\"${PODS_ROOT}/Target Support Files/Pods-Brochure-BrochureUITests/Pods-Brochure-BrochureUITests-frameworks.sh\"\n";
			showEnvVarsInLog = 0;
		};
		CF242252E3EA39212E151C3F /* [CP] Embed Pods Frameworks */ = {
			isa = PBXShellScriptBuildPhase;
			buildActionMask = 2147483647;
			files = (
			);
			inputFileListPaths = (
				"${PODS_ROOT}/Target Support Files/Pods-Brochure/Pods-Brochure-frameworks-${CONFIGURATION}-input-files.xcfilelist",
			);
			name = "[CP] Embed Pods Frameworks";
			outputFileListPaths = (
				"${PODS_ROOT}/Target Support Files/Pods-Brochure/Pods-Brochure-frameworks-${CONFIGURATION}-output-files.xcfilelist",
			);
			runOnlyForDeploymentPostprocessing = 0;
			shellPath = /bin/sh;
			shellScript = "\"${PODS_ROOT}/Target Support Files/Pods-Brochure/Pods-Brochure-frameworks.sh\"\n";
			showEnvVarsInLog = 0;
		};
		DE3235237331301BDCB5EAF2 /* [CP] Check Pods Manifest.lock */ = {
			isa = PBXShellScriptBuildPhase;
			buildActionMask = 2147483647;
			files = (
			);
			inputFileListPaths = (
			);
			inputPaths = (
				"${PODS_PODFILE_DIR_PATH}/Podfile.lock",
				"${PODS_ROOT}/Manifest.lock",
			);
			name = "[CP] Check Pods Manifest.lock";
			outputFileListPaths = (
			);
			outputPaths = (
				"$(DERIVED_FILE_DIR)/Pods-Brochure-checkManifestLockResult.txt",
			);
			runOnlyForDeploymentPostprocessing = 0;
			shellPath = /bin/sh;
			shellScript = "diff \"${PODS_PODFILE_DIR_PATH}/Podfile.lock\" \"${PODS_ROOT}/Manifest.lock\" > /dev/null\nif [ $? != 0 ] ; then\n    # print error to STDERR\n    echo \"error: The sandbox is not in sync with the Podfile.lock. Run 'pod install' or update your CocoaPods installation.\" >&2\n    exit 1\nfi\n# This output is used by Xcode 'outputs' to avoid re-running this script phase.\necho \"SUCCESS\" > \"${SCRIPT_OUTPUT_FILE_0}\"\n";
			showEnvVarsInLog = 0;
		};
		EA37B0875DED635A9C8508B7 /* [CP] Check Pods Manifest.lock */ = {
			isa = PBXShellScriptBuildPhase;
			buildActionMask = 2147483647;
			files = (
			);
			inputFileListPaths = (
			);
			inputPaths = (
				"${PODS_PODFILE_DIR_PATH}/Podfile.lock",
				"${PODS_ROOT}/Manifest.lock",
			);
			name = "[CP] Check Pods Manifest.lock";
			outputFileListPaths = (
			);
			outputPaths = (
				"$(DERIVED_FILE_DIR)/Pods-Brochure-BrochureUITests-checkManifestLockResult.txt",
			);
			runOnlyForDeploymentPostprocessing = 0;
			shellPath = /bin/sh;
			shellScript = "diff \"${PODS_PODFILE_DIR_PATH}/Podfile.lock\" \"${PODS_ROOT}/Manifest.lock\" > /dev/null\nif [ $? != 0 ] ; then\n    # print error to STDERR\n    echo \"error: The sandbox is not in sync with the Podfile.lock. Run 'pod install' or update your CocoaPods installation.\" >&2\n    exit 1\nfi\n# This output is used by Xcode 'outputs' to avoid re-running this script phase.\necho \"SUCCESS\" > \"${SCRIPT_OUTPUT_FILE_0}\"\n";
			showEnvVarsInLog = 0;
		};
/* End PBXShellScriptBuildPhase section */

/* Begin PBXSourcesBuildPhase section */
		BD9CA8ED25259DDE003ADA75 /* Sources */ = {
			isa = PBXSourcesBuildPhase;
			buildActionMask = 2147483647;
			files = (
				BD625A3C25358E310004C2A4 /* DetailSecondTableViewCell.swift in Sources */,
				BD9CA92D2525A11B003ADA75 /* EditViewController.swift in Sources */,
				BD9CA8F925259DDE003ADA75 /* ViewController.swift in Sources */,
				BD4EE4B02531BF2000CC31BD /* AddFirstTableViewCell.swift in Sources */,
				BD625A3525358B8E0004C2A4 /* DetailFirstTableViewCell.swift in Sources */,
				BD625A43253591A20004C2A4 /* DetailThirdTableViewCell.swift in Sources */,
				BD9CA9322525A130003ADA75 /* AddViewController.swift in Sources */,
				BD9CA8F525259DDE003ADA75 /* AppDelegate.swift in Sources */,
				BD4C51D72528C55200AE8B09 /* RealmClass.swift in Sources */,
				BD625A4925359DF60004C2A4 /* ZoomViewController.swift in Sources */,
				BD9CA8F725259DDE003ADA75 /* SceneDelegate.swift in Sources */,
				BD4EE4C22531C62400CC31BD /* AddThirdTableViewCell.swift in Sources */,
				BD53BCF82539E433008058AE /* CoverViewController.swift in Sources */,
				BD9CA9282525A0FB003ADA75 /* DetailViewController.swift in Sources */,
				BD4EE4BB2531C2F800CC31BD /* AddSecondTableViewCell.swift in Sources */,
			);
			runOnlyForDeploymentPostprocessing = 0;
		};
		BD9CA90325259DDF003ADA75 /* Sources */ = {
			isa = PBXSourcesBuildPhase;
			buildActionMask = 2147483647;
			files = (
				BD9CA90C25259DDF003ADA75 /* BrochureTests.swift in Sources */,
			);
			runOnlyForDeploymentPostprocessing = 0;
		};
		BD9CA90E25259DDF003ADA75 /* Sources */ = {
			isa = PBXSourcesBuildPhase;
			buildActionMask = 2147483647;
			files = (
				BD9CA91725259DDF003ADA75 /* BrochureUITests.swift in Sources */,
			);
			runOnlyForDeploymentPostprocessing = 0;
		};
/* End PBXSourcesBuildPhase section */

/* Begin PBXTargetDependency section */
		BD9CA90925259DDF003ADA75 /* PBXTargetDependency */ = {
			isa = PBXTargetDependency;
			target = BD9CA8F025259DDE003ADA75 /* Brochure */;
			targetProxy = BD9CA90825259DDF003ADA75 /* PBXContainerItemProxy */;
		};
		BD9CA91425259DDF003ADA75 /* PBXTargetDependency */ = {
			isa = PBXTargetDependency;
			target = BD9CA8F025259DDE003ADA75 /* Brochure */;
			targetProxy = BD9CA91325259DDF003ADA75 /* PBXContainerItemProxy */;
		};
/* End PBXTargetDependency section */

/* Begin PBXVariantGroup section */
		BD9CA8FA25259DDE003ADA75 /* Main.storyboard */ = {
			isa = PBXVariantGroup;
			children = (
				BD9CA8FB25259DDE003ADA75 /* Base */,
			);
			name = Main.storyboard;
			sourceTree = "<group>";
		};
		BD9CA8FF25259DDF003ADA75 /* LaunchScreen.storyboard */ = {
			isa = PBXVariantGroup;
			children = (
				BD9CA90025259DDF003ADA75 /* Base */,
			);
			name = LaunchScreen.storyboard;
			sourceTree = "<group>";
		};
/* End PBXVariantGroup section */

/* Begin XCBuildConfiguration section */
		BD9CA91925259DDF003ADA75 /* Debug */ = {
			isa = XCBuildConfiguration;
			buildSettings = {
				ALWAYS_SEARCH_USER_PATHS = NO;
				CLANG_ANALYZER_NONNULL = YES;
				CLANG_ANALYZER_NUMBER_OBJECT_CONVERSION = YES_AGGRESSIVE;
				CLANG_CXX_LANGUAGE_STANDARD = "gnu++14";
				CLANG_CXX_LIBRARY = "libc++";
				CLANG_ENABLE_MODULES = YES;
				CLANG_ENABLE_OBJC_ARC = YES;
				CLANG_ENABLE_OBJC_WEAK = YES;
				CLANG_WARN_BLOCK_CAPTURE_AUTORELEASING = YES;
				CLANG_WARN_BOOL_CONVERSION = YES;
				CLANG_WARN_COMMA = YES;
				CLANG_WARN_CONSTANT_CONVERSION = YES;
				CLANG_WARN_DEPRECATED_OBJC_IMPLEMENTATIONS = YES;
				CLANG_WARN_DIRECT_OBJC_ISA_USAGE = YES_ERROR;
				CLANG_WARN_DOCUMENTATION_COMMENTS = YES;
				CLANG_WARN_EMPTY_BODY = YES;
				CLANG_WARN_ENUM_CONVERSION = YES;
				CLANG_WARN_INFINITE_RECURSION = YES;
				CLANG_WARN_INT_CONVERSION = YES;
				CLANG_WARN_NON_LITERAL_NULL_CONVERSION = YES;
				CLANG_WARN_OBJC_IMPLICIT_RETAIN_SELF = YES;
				CLANG_WARN_OBJC_LITERAL_CONVERSION = YES;
				CLANG_WARN_OBJC_ROOT_CLASS = YES_ERROR;
				CLANG_WARN_QUOTED_INCLUDE_IN_FRAMEWORK_HEADER = YES;
				CLANG_WARN_RANGE_LOOP_ANALYSIS = YES;
				CLANG_WARN_STRICT_PROTOTYPES = YES;
				CLANG_WARN_SUSPICIOUS_MOVE = YES;
				CLANG_WARN_UNGUARDED_AVAILABILITY = YES_AGGRESSIVE;
				CLANG_WARN_UNREACHABLE_CODE = YES;
				CLANG_WARN__DUPLICATE_METHOD_MATCH = YES;
				COPY_PHASE_STRIP = NO;
				DEBUG_INFORMATION_FORMAT = dwarf;
				ENABLE_STRICT_OBJC_MSGSEND = YES;
				ENABLE_TESTABILITY = YES;
				GCC_C_LANGUAGE_STANDARD = gnu11;
				GCC_DYNAMIC_NO_PIC = NO;
				GCC_NO_COMMON_BLOCKS = YES;
				GCC_OPTIMIZATION_LEVEL = 0;
				GCC_PREPROCESSOR_DEFINITIONS = (
					"DEBUG=1",
					"$(inherited)",
				);
				GCC_WARN_64_TO_32_BIT_CONVERSION = YES;
				GCC_WARN_ABOUT_RETURN_TYPE = YES_ERROR;
				GCC_WARN_UNDECLARED_SELECTOR = YES;
				GCC_WARN_UNINITIALIZED_AUTOS = YES_AGGRESSIVE;
				GCC_WARN_UNUSED_FUNCTION = YES;
				GCC_WARN_UNUSED_VARIABLE = YES;
				IPHONEOS_DEPLOYMENT_TARGET = 14.0;
				MTL_ENABLE_DEBUG_INFO = INCLUDE_SOURCE;
				MTL_FAST_MATH = YES;
				ONLY_ACTIVE_ARCH = YES;
				SDKROOT = iphoneos;
				SWIFT_ACTIVE_COMPILATION_CONDITIONS = DEBUG;
				SWIFT_OPTIMIZATION_LEVEL = "-Onone";
			};
			name = Debug;
		};
		BD9CA91A25259DDF003ADA75 /* Release */ = {
			isa = XCBuildConfiguration;
			buildSettings = {
				ALWAYS_SEARCH_USER_PATHS = NO;
				CLANG_ANALYZER_NONNULL = YES;
				CLANG_ANALYZER_NUMBER_OBJECT_CONVERSION = YES_AGGRESSIVE;
				CLANG_CXX_LANGUAGE_STANDARD = "gnu++14";
				CLANG_CXX_LIBRARY = "libc++";
				CLANG_ENABLE_MODULES = YES;
				CLANG_ENABLE_OBJC_ARC = YES;
				CLANG_ENABLE_OBJC_WEAK = YES;
				CLANG_WARN_BLOCK_CAPTURE_AUTORELEASING = YES;
				CLANG_WARN_BOOL_CONVERSION = YES;
				CLANG_WARN_COMMA = YES;
				CLANG_WARN_CONSTANT_CONVERSION = YES;
				CLANG_WARN_DEPRECATED_OBJC_IMPLEMENTATIONS = YES;
				CLANG_WARN_DIRECT_OBJC_ISA_USAGE = YES_ERROR;
				CLANG_WARN_DOCUMENTATION_COMMENTS = YES;
				CLANG_WARN_EMPTY_BODY = YES;
				CLANG_WARN_ENUM_CONVERSION = YES;
				CLANG_WARN_INFINITE_RECURSION = YES;
				CLANG_WARN_INT_CONVERSION = YES;
				CLANG_WARN_NON_LITERAL_NULL_CONVERSION = YES;
				CLANG_WARN_OBJC_IMPLICIT_RETAIN_SELF = YES;
				CLANG_WARN_OBJC_LITERAL_CONVERSION = YES;
				CLANG_WARN_OBJC_ROOT_CLASS = YES_ERROR;
				CLANG_WARN_QUOTED_INCLUDE_IN_FRAMEWORK_HEADER = YES;
				CLANG_WARN_RANGE_LOOP_ANALYSIS = YES;
				CLANG_WARN_STRICT_PROTOTYPES = YES;
				CLANG_WARN_SUSPICIOUS_MOVE = YES;
				CLANG_WARN_UNGUARDED_AVAILABILITY = YES_AGGRESSIVE;
				CLANG_WARN_UNREACHABLE_CODE = YES;
				CLANG_WARN__DUPLICATE_METHOD_MATCH = YES;
				COPY_PHASE_STRIP = NO;
				DEBUG_INFORMATION_FORMAT = "dwarf-with-dsym";
				ENABLE_NS_ASSERTIONS = NO;
				ENABLE_STRICT_OBJC_MSGSEND = YES;
				GCC_C_LANGUAGE_STANDARD = gnu11;
				GCC_NO_COMMON_BLOCKS = YES;
				GCC_WARN_64_TO_32_BIT_CONVERSION = YES;
				GCC_WARN_ABOUT_RETURN_TYPE = YES_ERROR;
				GCC_WARN_UNDECLARED_SELECTOR = YES;
				GCC_WARN_UNINITIALIZED_AUTOS = YES_AGGRESSIVE;
				GCC_WARN_UNUSED_FUNCTION = YES;
				GCC_WARN_UNUSED_VARIABLE = YES;
				IPHONEOS_DEPLOYMENT_TARGET = 14.0;
				MTL_ENABLE_DEBUG_INFO = NO;
				MTL_FAST_MATH = YES;
				SDKROOT = iphoneos;
				SWIFT_COMPILATION_MODE = wholemodule;
				SWIFT_OPTIMIZATION_LEVEL = "-O";
				VALIDATE_PRODUCT = YES;
			};
			name = Release;
		};
		BD9CA91C25259DDF003ADA75 /* Debug */ = {
			isa = XCBuildConfiguration;
			baseConfigurationReference = AE64BC3EBBCDBA7470E021BF /* Pods-Brochure.debug.xcconfig */;
			buildSettings = {
				ASSETCATALOG_COMPILER_APPICON_NAME = AppIcon;
				ASSETCATALOG_COMPILER_GLOBAL_ACCENT_COLOR_NAME = AccentColor;
				CODE_SIGN_IDENTITY = "iPhone Distribution";
				CODE_SIGN_STYLE = Manual;
				CURRENT_PROJECT_VERSION = 1.2;
				DEVELOPMENT_TEAM = 2K446D59RQ;
				INFOPLIST_FILE = Brochure/Info.plist;
				LD_RUNPATH_SEARCH_PATHS = (
					"$(inherited)",
					"@executable_path/Frameworks",
				);
				PRODUCT_BUNDLE_IDENTIFIER = jp.co.lifeistech.exhibitsBrochure;
				PRODUCT_NAME = "$(TARGET_NAME)";
				PROVISIONING_PROFILE_SPECIFIER = "L4S8-MikkunTakayama-Distribution";
				SWIFT_VERSION = 5.0;
				TARGETED_DEVICE_FAMILY = "1,2";
			};
			name = Debug;
		};
		BD9CA91D25259DDF003ADA75 /* Release */ = {
			isa = XCBuildConfiguration;
			baseConfigurationReference = 36CE635B2AB3395018F06659 /* Pods-Brochure.release.xcconfig */;
			buildSettings = {
				ASSETCATALOG_COMPILER_APPICON_NAME = AppIcon;
				ASSETCATALOG_COMPILER_GLOBAL_ACCENT_COLOR_NAME = AccentColor;
				CODE_SIGN_IDENTITY = "iPhone Distribution";
				CODE_SIGN_STYLE = Manual;
				CURRENT_PROJECT_VERSION = 1.2;
				DEVELOPMENT_TEAM = 2K446D59RQ;
				INFOPLIST_FILE = Brochure/Info.plist;
				LD_RUNPATH_SEARCH_PATHS = (
					"$(inherited)",
					"@executable_path/Frameworks",
				);
				PRODUCT_BUNDLE_IDENTIFIER = jp.co.lifeistech.exhibitsBrochure;
				PRODUCT_NAME = "$(TARGET_NAME)";
				PROVISIONING_PROFILE_SPECIFIER = "L4S8-MikkunTakayama-Distribution";
				SWIFT_VERSION = 5.0;
				TARGETED_DEVICE_FAMILY = "1,2";
			};
			name = Release;
		};
		BD9CA91F25259DDF003ADA75 /* Debug */ = {
			isa = XCBuildConfiguration;
			baseConfigurationReference = AA45E3F8D78F60578A306C71 /* Pods-BrochureTests.debug.xcconfig */;
			buildSettings = {
				ALWAYS_EMBED_SWIFT_STANDARD_LIBRARIES = YES;
				BUNDLE_LOADER = "$(TEST_HOST)";
				CODE_SIGN_STYLE = Automatic;
				INFOPLIST_FILE = BrochureTests/Info.plist;
				IPHONEOS_DEPLOYMENT_TARGET = 14.0;
				LD_RUNPATH_SEARCH_PATHS = (
					"$(inherited)",
					"@executable_path/Frameworks",
					"@loader_path/Frameworks",
				);
				PRODUCT_BUNDLE_IDENTIFIER = app.takayama.mizuki.BrochureTests;
				PRODUCT_NAME = "$(TARGET_NAME)";
				SWIFT_VERSION = 5.0;
				TARGETED_DEVICE_FAMILY = "1,2";
				TEST_HOST = "$(BUILT_PRODUCTS_DIR)/Brochure.app/Brochure";
			};
			name = Debug;
		};
		BD9CA92025259DDF003ADA75 /* Release */ = {
			isa = XCBuildConfiguration;
			baseConfigurationReference = C11E7A65DEE712986065FA63 /* Pods-BrochureTests.release.xcconfig */;
			buildSettings = {
				ALWAYS_EMBED_SWIFT_STANDARD_LIBRARIES = YES;
				BUNDLE_LOADER = "$(TEST_HOST)";
				CODE_SIGN_STYLE = Automatic;
				INFOPLIST_FILE = BrochureTests/Info.plist;
				IPHONEOS_DEPLOYMENT_TARGET = 14.0;
				LD_RUNPATH_SEARCH_PATHS = (
					"$(inherited)",
					"@executable_path/Frameworks",
					"@loader_path/Frameworks",
				);
				PRODUCT_BUNDLE_IDENTIFIER = app.takayama.mizuki.BrochureTests;
				PRODUCT_NAME = "$(TARGET_NAME)";
				SWIFT_VERSION = 5.0;
				TARGETED_DEVICE_FAMILY = "1,2";
				TEST_HOST = "$(BUILT_PRODUCTS_DIR)/Brochure.app/Brochure";
			};
			name = Release;
		};
		BD9CA92225259DDF003ADA75 /* Debug */ = {
			isa = XCBuildConfiguration;
			baseConfigurationReference = 84BEB691AC3DAB270753F6EB /* Pods-Brochure-BrochureUITests.debug.xcconfig */;
			buildSettings = {
				ALWAYS_EMBED_SWIFT_STANDARD_LIBRARIES = YES;
				CODE_SIGN_STYLE = Automatic;
				INFOPLIST_FILE = BrochureUITests/Info.plist;
				LD_RUNPATH_SEARCH_PATHS = (
					"$(inherited)",
					"@executable_path/Frameworks",
					"@loader_path/Frameworks",
				);
				PRODUCT_BUNDLE_IDENTIFIER = app.takayama.mizuki.BrochureUITests;
				PRODUCT_NAME = "$(TARGET_NAME)";
				SWIFT_VERSION = 5.0;
				TARGETED_DEVICE_FAMILY = "1,2";
				TEST_TARGET_NAME = Brochure;
			};
			name = Debug;
		};
		BD9CA92325259DDF003ADA75 /* Release */ = {
			isa = XCBuildConfiguration;
			baseConfigurationReference = 22A867AA2B81EB126CFE33F2 /* Pods-Brochure-BrochureUITests.release.xcconfig */;
			buildSettings = {
				ALWAYS_EMBED_SWIFT_STANDARD_LIBRARIES = YES;
				CODE_SIGN_STYLE = Automatic;
				INFOPLIST_FILE = BrochureUITests/Info.plist;
				LD_RUNPATH_SEARCH_PATHS = (
					"$(inherited)",
					"@executable_path/Frameworks",
					"@loader_path/Frameworks",
				);
				PRODUCT_BUNDLE_IDENTIFIER = app.takayama.mizuki.BrochureUITests;
				PRODUCT_NAME = "$(TARGET_NAME)";
				SWIFT_VERSION = 5.0;
				TARGETED_DEVICE_FAMILY = "1,2";
				TEST_TARGET_NAME = Brochure;
			};
			name = Release;
		};
/* End XCBuildConfiguration section */

/* Begin XCConfigurationList section */
		BD9CA8EC25259DDE003ADA75 /* Build configuration list for PBXProject "Brochure" */ = {
			isa = XCConfigurationList;
			buildConfigurations = (
				BD9CA91925259DDF003ADA75 /* Debug */,
				BD9CA91A25259DDF003ADA75 /* Release */,
			);
			defaultConfigurationIsVisible = 0;
			defaultConfigurationName = Release;
		};
		BD9CA91B25259DDF003ADA75 /* Build configuration list for PBXNativeTarget "Brochure" */ = {
			isa = XCConfigurationList;
			buildConfigurations = (
				BD9CA91C25259DDF003ADA75 /* Debug */,
				BD9CA91D25259DDF003ADA75 /* Release */,
			);
			defaultConfigurationIsVisible = 0;
			defaultConfigurationName = Release;
		};
		BD9CA91E25259DDF003ADA75 /* Build configuration list for PBXNativeTarget "BrochureTests" */ = {
			isa = XCConfigurationList;
			buildConfigurations = (
				BD9CA91F25259DDF003ADA75 /* Debug */,
				BD9CA92025259DDF003ADA75 /* Release */,
			);
			defaultConfigurationIsVisible = 0;
			defaultConfigurationName = Release;
		};
		BD9CA92125259DDF003ADA75 /* Build configuration list for PBXNativeTarget "BrochureUITests" */ = {
			isa = XCConfigurationList;
			buildConfigurations = (
				BD9CA92225259DDF003ADA75 /* Debug */,
				BD9CA92325259DDF003ADA75 /* Release */,
			);
			defaultConfigurationIsVisible = 0;
			defaultConfigurationName = Release;
		};
/* End XCConfigurationList section */
	};
	rootObject = BD9CA8E925259DDE003ADA75 /* Project object */;
}
